
Microsoft Visual Studio Solution File, Format Version 12.00
# Visual Studio Version 16
VisualStudioVersion = 16.0.31205.134
MinimumVisualStudioVersion = 10.0.40219.1
Project("{FAE04EC0-301F-11D3-BF4B-00C04F79EFBC}") = "InternshipTask", "InternshipTask\InternshipTask.csproj", "{8C46CBD9-6098-47F7-9ED3-44D06707735B}"
EndProject
Project("{FAE04EC0-301F-11D3-BF4B-00C04F79EFBC}") = "InternshipTask.Tests", "InternshipTask.Tests\InternshipTask.Tests.csproj", "{F15AD690-107E-4770-A267-9625213620D8}"
EndProject
Global
	GlobalSection(SolutionConfigurationPlatforms) = preSolution
		Debug|Any CPU = Debug|Any CPU
		Release|Any CPU = Release|Any CPU
	EndGlobalSection
	GlobalSection(ProjectConfigurationPlatforms) = postSolution
		{8C46CBD9-6098-47F7-9ED3-44D06707735B}.Debug|Any CPU.ActiveCfg = Debug|Any CPU
		{8C46CBD9-6098-47F7-9ED3-44D06707735B}.Debug|Any CPU.Build.0 = Debug|Any CPU
		{8C46CBD9-6098-47F7-9ED3-44D06707735B}.Release|Any CPU.ActiveCfg = Release|Any CPU
		{8C46CBD9-6098-47F7-9ED3-44D06707735B}.Release|Any CPU.Build.0 = Release|Any CPU
		{F15AD690-107E-4770-A267-9625213620D8}.Debug|Any CPU.ActiveCfg = Debug|Any CPU
		{F15AD690-107E-4770-A267-9625213620D8}.Debug|Any CPU.Build.0 = Debug|Any CPU
		{F15AD690-107E-4770-A267-9625213620D8}.Release|Any CPU.ActiveCfg = Release|Any CPU
		{F15AD690-107E-4770-A267-9625213620D8}.Release|Any CPU.Build.0 = Release|Any CPU
	EndGlobalSection
	GlobalSection(SolutionProperties) = preSolution
		HideSolutionNode = FALSE
	EndGlobalSection
	GlobalSection(ExtensibilityGlobals) = postSolution
		SolutionGuid = {D2E71427-C56B-4F78-84A9-5A6CBC328AA6}
	EndGlobalSection
EndGlobal
